{
  "version": 4,
  "terraform_version": "1.3.6",
  "serial": 10,
  "lineage": "ce170bd3-3216-040f-971e-babee5f3b34d",
  "outputs": {},
  "resources": [
    {
      "mode": "data",
      "type": "archive_file",
      "name": "task-cf",
      "provider": "provider[\"registry.terraform.io/hashicorp/archive\"]",
      "instances": [
        {
          "schema_version": 0,
          "attributes": {
            "excludes": null,
            "id": "23fafb49096eabf1dcfc7a6e9b920d3ece805be0",
            "output_base64sha256": "0noeBqgmmd+iU+82xpuAwhfISgkV+2QfQ2mNrUcGkz8=",
            "output_file_mode": null,
            "output_md5": "d152ce8f4b86c4d2d23335f736e563ce",
            "output_path": "/tmp/function.zip",
            "output_sha": "23fafb49096eabf1dcfc7a6e9b920d3ece805be0",
            "output_size": 1475,
            "source": [],
            "source_content": null,
            "source_content_filename": null,
            "source_dir": "../function",
            "source_file": null,
            "type": "zip"
          },
          "sensitive_attributes": []
        }
      ]
    },
    {
      "mode": "data",
      "type": "google_project",
      "name": "project",
      "provider": "provider[\"registry.terraform.io/hashicorp/google\"]",
      "instances": [
        {
          "schema_version": 0,
          "attributes": {
            "auto_create_network": null,
            "billing_account": "01C586-91AA30-8F46E8",
            "folder_id": null,
            "id": "projects/task-cf-370710",
            "labels": {},
            "name": "task-CF",
            "number": "638763555119",
            "org_id": null,
            "project_id": "task-cf-370710",
            "skip_delete": null
          },
          "sensitive_attributes": []
        }
      ]
    },
    {
      "mode": "data",
      "type": "google_service_account",
      "name": "cloudbuild_account",
      "provider": "provider[\"registry.terraform.io/hashicorp/google\"]",
      "instances": [
        {
          "schema_version": 0,
          "attributes": {
            "account_id": null,
            "display_name": null,
            "email": null,
            "id": null,
            "member": null,
            "name": null,
            "project": null,
            "unique_id": null
          },
          "sensitive_attributes": []
        }
      ]
    },
    {
      "mode": "managed",
      "type": "google_bigquery_dataset",
      "name": "task-cf-dataset",
      "provider": "provider[\"registry.terraform.io/hashicorp/google\"]",
      "instances": [
        {
          "schema_version": 0,
          "attributes": {
            "access": [
              {
                "dataset": [],
                "domain": "",
                "group_by_email": "",
                "role": "OWNER",
                "routine": [],
                "special_group": "",
                "user_by_email": "nazar.ivankevych@gmail.com",
                "view": []
              },
              {
                "dataset": [],
                "domain": "",
                "group_by_email": "",
                "role": "OWNER",
                "routine": [],
                "special_group": "projectOwners",
                "user_by_email": "",
                "view": []
              },
              {
                "dataset": [],
                "domain": "",
                "group_by_email": "",
                "role": "READER",
                "routine": [],
                "special_group": "projectReaders",
                "user_by_email": "",
                "view": []
              },
              {
                "dataset": [],
                "domain": "",
                "group_by_email": "",
                "role": "WRITER",
                "routine": [],
                "special_group": "projectWriters",
                "user_by_email": "",
                "view": []
              }
            ],
            "creation_time": 1672744812638,
            "dataset_id": "task_cf_dataset",
            "default_encryption_configuration": [],
            "default_partition_expiration_ms": 0,
            "default_table_expiration_ms": 0,
            "delete_contents_on_destroy": false,
            "description": "This dataset is public",
            "etag": "btVv8ScPqthFXLK8hwt/vQ==",
            "friendly_name": "",
            "id": "projects/task-cf-370710/datasets/task_cf_dataset",
            "labels": null,
            "last_modified_time": 1672744812638,
            "location": "US",
            "max_time_travel_hours": "",
            "project": "task-cf-370710",
            "self_link": "https://bigquery.googleapis.com/bigquery/v2/projects/task-cf-370710/datasets/task_cf_dataset",
            "timeouts": null
          },
          "sensitive_attributes": [],
          "private": "eyJlMmJmYjczMC1lY2FhLTExZTYtOGY4OC0zNDM2M2JjN2M0YzAiOnsiY3JlYXRlIjoxMjAwMDAwMDAwMDAwLCJkZWxldGUiOjEyMDAwMDAwMDAwMDAsInVwZGF0ZSI6MTIwMDAwMDAwMDAwMH19"
        }
      ]
    },
    {
      "mode": "managed",
      "type": "google_bigquery_table",
      "name": "task-cf-table",
      "provider": "provider[\"registry.terraform.io/hashicorp/google\"]",
      "instances": [
        {
          "schema_version": 0,
          "attributes": {
            "clustering": null,
            "creation_time": 1672744813316,
            "dataset_id": "task_cf_dataset",
            "deletion_protection": false,
            "description": "",
            "encryption_configuration": [],
            "etag": "60jQVv0z1qHLAmtEPRc2ww==",
            "expiration_time": 0,
            "external_data_configuration": [],
            "friendly_name": "",
            "id": "projects/task-cf-370710/datasets/task_cf_dataset/tables/cf-tasks-table",
            "labels": null,
            "last_modified_time": 1672744813451,
            "location": "US",
            "materialized_view": [],
            "num_bytes": 0,
            "num_long_term_bytes": 0,
            "num_rows": 0,
            "project": "task-cf-370710",
            "range_partitioning": [],
            "schema": "[{\"mode\":\"REQUIRED\",\"name\":\"timestamp\",\"type\":\"TIMESTAMP\"},{\"mode\":\"REQUIRED\",\"name\":\"raw\",\"type\":\"STRING\"}]",
            "self_link": "https://bigquery.googleapis.com/bigquery/v2/projects/task-cf-370710/datasets/task_cf_dataset/tables/cf-tasks-table",
            "table_id": "cf-tasks-table",
            "time_partitioning": [],
            "type": "TABLE",
            "view": []
          },
          "sensitive_attributes": [],
          "private": "bnVsbA==",
          "dependencies": [
            "google_bigquery_dataset.task-cf-dataset"
          ]
        }
      ]
    },
    {
      "mode": "managed",
      "type": "google_cloudbuild_trigger",
      "name": "github-cloud-trigger",
      "provider": "provider[\"registry.terraform.io/hashicorp/google\"]",
      "instances": [
        {
          "schema_version": 2,
          "attributes": {
            "approval_config": [
              {
                "approval_required": false
              }
            ],
            "build": [],
            "create_time": "2023-01-03T11:20:13.036451164Z",
            "description": "",
            "disabled": false,
            "filename": "cloudbuild.yaml",
            "filter": "",
            "git_file_source": [],
            "github": [
              {
                "name": "cf_task",
                "owner": "nazarivankevych",
                "pull_request": [],
                "push": [
                  {
                    "branch": "dataflow",
                    "invert_regex": false,
                    "tag": ""
                  }
                ]
              }
            ],
            "id": "projects/task-cf-370710/locations/us-central1/triggers/33591ff0-4094-4174-9789-a54ac3fd0787",
            "ignored_files": null,
            "include_build_logs": "",
            "included_files": null,
            "location": "us-central1",
            "name": "github-cloud-trigger-trigger",
            "project": "task-cf-370710",
            "pubsub_config": [],
            "service_account": "",
            "source_to_build": [],
            "substitutions": null,
            "tags": null,
            "timeouts": null,
            "trigger_id": "33591ff0-4094-4174-9789-a54ac3fd0787",
            "trigger_template": [],
            "webhook_config": []
          },
          "sensitive_attributes": [],
          "private": "eyJlMmJmYjczMC1lY2FhLTExZTYtOGY4OC0zNDM2M2JjN2M0YzAiOnsiY3JlYXRlIjoxMjAwMDAwMDAwMDAwLCJkZWxldGUiOjEyMDAwMDAwMDAwMDAsInVwZGF0ZSI6MTIwMDAwMDAwMDAwMH0sInNjaGVtYV92ZXJzaW9uIjoiMiJ9"
        }
      ]
    },
    {
      "mode": "managed",
      "type": "google_cloudfunctions_function",
      "name": "task-cf-function",
      "provider": "provider[\"registry.terraform.io/hashicorp/google\"]",
      "instances": [
        {
          "schema_version": 0,
          "attributes": {
            "available_memory_mb": 128,
            "build_environment_variables": null,
            "build_worker_pool": "",
            "description": "",
            "docker_registry": "CONTAINER_REGISTRY",
            "docker_repository": "",
            "entry_point": "main",
            "environment_variables": {
              "DATASET_ID": "task_cf_dataset",
              "FUNCTION_REGION": "us-central1",
              "GCP_PROJECT": "task-cf-370710",
              "OUTPUT_TABLE": "cf-tasks-table"
            },
            "event_trigger": [],
            "https_trigger_security_level": "SECURE_OPTIONAL",
            "https_trigger_url": "https://us-central1-task-cf-370710.cloudfunctions.net/task-cf-function",
            "id": "projects/task-cf-370710/locations/us-central1/functions/task-cf-function",
            "ingress_settings": "ALLOW_ALL",
            "kms_key_name": "",
            "labels": null,
            "max_instances": 0,
            "min_instances": 0,
            "name": "task-cf-function",
            "project": "task-cf-370710",
            "region": "us-central1",
            "runtime": "python38",
            "secret_environment_variables": [],
            "secret_volumes": [],
            "service_account_email": "task-cf-370710@appspot.gserviceaccount.com",
            "source_archive_bucket": "task-cf-370710-bucket",
            "source_archive_object": "src-d152ce8f4b86c4d2d23335f736e563ce.cf-tasks",
            "source_repository": [],
            "timeout": 60,
            "timeouts": null,
            "trigger_http": true,
            "vpc_connector": "",
            "vpc_connector_egress_settings": ""
          },
          "sensitive_attributes": [],
          "private": "eyJlMmJmYjczMC1lY2FhLTExZTYtOGY4OC0zNDM2M2JjN2M0YzAiOnsiY3JlYXRlIjozMDAwMDAwMDAwMDAsImRlbGV0ZSI6MzAwMDAwMDAwMDAwLCJyZWFkIjozMDAwMDAwMDAwMDAsInVwZGF0ZSI6MzAwMDAwMDAwMDAwfX0=",
          "dependencies": [
            "data.archive_file.task-cf",
            "google_bigquery_dataset.task-cf-dataset",
            "google_bigquery_table.task-cf-table",
            "google_storage_bucket.task-cf-bucket",
            "google_storage_bucket_object.cf-tasks"
          ]
        }
      ]
    },
    {
      "mode": "managed",
      "type": "google_cloudfunctions_function_iam_member",
      "name": "invoker",
      "provider": "provider[\"registry.terraform.io/hashicorp/google\"]",
      "instances": [
        {
          "schema_version": 0,
          "attributes": {
            "cloud_function": "projects/task-cf-370710/locations/us-central1/functions/task-cf-function",
            "condition": [],
            "etag": "BwXxWkgCrhM=",
            "id": "projects/task-cf-370710/locations/us-central1/functions/task-cf-function/roles/cloudfunctions.invoker/allUsers",
            "member": "allUsers",
            "project": "task-cf-370710",
            "region": "us-central1",
            "role": "roles/cloudfunctions.invoker"
          },
          "sensitive_attributes": [],
          "private": "bnVsbA==",
          "dependencies": [
            "data.archive_file.task-cf",
            "google_bigquery_dataset.task-cf-dataset",
            "google_bigquery_table.task-cf-table",
            "google_cloudfunctions_function.task-cf-function",
            "google_storage_bucket.task-cf-bucket",
            "google_storage_bucket_object.cf-tasks"
          ]
        }
      ]
    },
    {
      "mode": "managed",
      "type": "google_project_iam_member",
      "name": "cloud-build-project",
      "provider": "provider[\"registry.terraform.io/hashicorp/google\"]",
      "instances": [
        {
          "schema_version": 0,
          "attributes": {
            "condition": [],
            "etag": "BwXxWkCYVNc=",
            "id": "task-cf-370710/roles/owner/serviceAccount:638763555119@cloudbuild.gserviceaccount.com",
            "member": "serviceAccount:638763555119@cloudbuild.gserviceaccount.com",
            "project": "task-cf-370710",
            "role": "roles/owner"
          },
          "sensitive_attributes": [],
          "private": "bnVsbA==",
          "dependencies": [
            "data.google_project.project"
          ]
        }
      ]
    },
    {
      "mode": "managed",
      "type": "google_project_iam_member",
      "name": "my-project",
      "provider": "provider[\"registry.terraform.io/hashicorp/google\"]",
      "instances": [
        {
          "schema_version": 0,
          "attributes": {
            "condition": [],
            "etag": "BwXxWkCYVNc=",
            "id": "task-cf-370710/roles/owner/user:nazar.ivankevych@gmail.com",
            "member": "user:nazar.ivankevych@gmail.com",
            "project": "task-cf-370710",
            "role": "roles/owner"
          },
          "sensitive_attributes": [],
          "private": "bnVsbA=="
        }
      ]
    },
    {
      "mode": "managed",
      "type": "google_storage_bucket",
      "name": "task-cf-bucket",
      "provider": "provider[\"registry.terraform.io/hashicorp/google\"]",
      "instances": [
        {
          "schema_version": 0,
          "attributes": {
            "cors": [],
            "custom_placement_config": [],
            "default_event_based_hold": false,
            "encryption": [],
            "force_destroy": true,
            "id": "task-cf-370710-bucket",
            "labels": null,
            "lifecycle_rule": [],
            "location": "US-CENTRAL1",
            "logging": [],
            "name": "task-cf-370710-bucket",
            "project": "task-cf-370710",
            "public_access_prevention": "inherited",
            "requester_pays": false,
            "retention_policy": [],
            "self_link": "https://www.googleapis.com/storage/v1/b/task-cf-370710-bucket",
            "storage_class": "STANDARD",
            "timeouts": null,
            "uniform_bucket_level_access": false,
            "url": "gs://task-cf-370710-bucket",
            "versioning": [],
            "website": []
          },
          "sensitive_attributes": [],
          "private": "eyJlMmJmYjczMC1lY2FhLTExZTYtOGY4OC0zNDM2M2JjN2M0YzAiOnsiY3JlYXRlIjoyNDAwMDAwMDAwMDAsInJlYWQiOjI0MDAwMDAwMDAwMCwidXBkYXRlIjoyNDAwMDAwMDAwMDB9fQ=="
        }
      ]
    },
    {
      "mode": "managed",
      "type": "google_storage_bucket_object",
      "name": "cf-tasks",
      "provider": "provider[\"registry.terraform.io/hashicorp/google\"]",
      "instances": [
        {
          "schema_version": 0,
          "attributes": {
            "bucket": "task-cf-370710-bucket",
            "cache_control": "",
            "content": null,
            "content_disposition": "",
            "content_encoding": "",
            "content_language": "",
            "content_type": "application/zip",
            "crc32c": "z5MeRw==",
            "customer_encryption": [],
            "detect_md5hash": "0VLOj0uGxNLSMzX3NuVjzg==",
            "event_based_hold": false,
            "id": "task-cf-370710-bucket-src-d152ce8f4b86c4d2d23335f736e563ce.cf-tasks",
            "kms_key_name": "",
            "md5hash": "0VLOj0uGxNLSMzX3NuVjzg==",
            "media_link": "https://storage.googleapis.com/download/storage/v1/b/task-cf-370710-bucket/o/src-d152ce8f4b86c4d2d23335f736e563ce.cf-tasks?generation=1672744813926871\u0026alt=media",
            "metadata": null,
            "name": "src-d152ce8f4b86c4d2d23335f736e563ce.cf-tasks",
            "output_name": "src-d152ce8f4b86c4d2d23335f736e563ce.cf-tasks",
            "self_link": "https://www.googleapis.com/storage/v1/b/task-cf-370710-bucket/o/src-d152ce8f4b86c4d2d23335f736e563ce.cf-tasks",
            "source": "/tmp/function.zip",
            "storage_class": "STANDARD",
            "temporary_hold": false,
            "timeouts": null
          },
          "sensitive_attributes": [],
          "private": "eyJlMmJmYjczMC1lY2FhLTExZTYtOGY4OC0zNDM2M2JjN2M0YzAiOnsiY3JlYXRlIjoyNDAwMDAwMDAwMDAsImRlbGV0ZSI6MjQwMDAwMDAwMDAwLCJ1cGRhdGUiOjI0MDAwMDAwMDAwMH19",
          "dependencies": [
            "data.archive_file.task-cf",
            "google_storage_bucket.task-cf-bucket"
          ]
        }
      ]
    }
  ],
  "check_results": null
}
