{
  "version": 4,
  "terraform_version": "1.3.6",
  "serial": 11,
  "lineage": "9ae9628b-a44c-9316-19eb-07a07b2171ba",
  "outputs": {},
  "resources": [
    {
      "mode": "data",
      "type": "archive_file",
      "name": "task-cf",
      "provider": "provider[\"registry.terraform.io/hashicorp/archive\"]",
      "instances": [
        {
          "schema_version": 0,
          "attributes": {
            "excludes": null,
            "id": "271de60a2083bafd36ff73708a23acc9e6bec1ce",
            "output_base64sha256": "GwAacd3Mw/E62AcsjxHb4TljOSv88HwXVtSCJ/vvWTc=",
            "output_file_mode": null,
            "output_md5": "8c5a30fe60df625d3fecda4cdf58f1ce",
            "output_path": "/tmp/function.zip",
            "output_sha": "271de60a2083bafd36ff73708a23acc9e6bec1ce",
            "output_size": 1546,
            "source": [],
            "source_content": null,
            "source_content_filename": null,
            "source_dir": "../function",
            "source_file": null,
            "type": "zip"
          },
          "sensitive_attributes": []
        }
      ]
    },
    {
      "mode": "data",
      "type": "google_project",
      "name": "project",
      "provider": "provider[\"registry.terraform.io/hashicorp/google\"]",
      "instances": [
        {
          "schema_version": 0,
          "attributes": {
            "auto_create_network": null,
            "billing_account": "01C586-91AA30-8F46E8",
            "folder_id": null,
            "id": "projects/task-cf-370710",
            "labels": {},
            "name": "task-CF",
            "number": "638763555119",
            "org_id": null,
            "project_id": "task-cf-370710",
            "skip_delete": null
          },
          "sensitive_attributes": []
        }
      ]
    },
    {
      "mode": "data",
      "type": "google_service_account",
      "name": "cloudbuild_account",
      "provider": "provider[\"registry.terraform.io/hashicorp/google\"]",
      "instances": [
        {
          "schema_version": 0,
          "attributes": {
            "account_id": null,
            "display_name": null,
            "email": null,
            "id": null,
            "member": null,
            "name": null,
            "project": null,
            "unique_id": null
          },
          "sensitive_attributes": []
        }
      ]
    },
    {
      "mode": "managed",
      "type": "google_bigquery_table",
      "name": "task-cf-table",
      "provider": "provider[\"registry.terraform.io/hashicorp/google\"]",
      "instances": []
    },
    {
      "mode": "managed",
      "type": "google_cloudbuild_trigger",
      "name": "github-cloud-trigger",
      "provider": "provider[\"registry.terraform.io/hashicorp/google\"]",
      "instances": [
        {
          "schema_version": 2,
          "attributes": {
            "approval_config": [
              {
                "approval_required": false
              }
            ],
            "build": [],
            "create_time": "2023-01-04T14:44:27.819979901Z",
            "description": "",
            "disabled": false,
            "filename": "cloudbuild.yaml",
            "filter": "",
            "git_file_source": [],
            "github": [
              {
                "name": "cf_task",
                "owner": "nazarivankevych",
                "pull_request": [],
                "push": [
                  {
                    "branch": "dataflow",
                    "invert_regex": false,
                    "tag": ""
                  }
                ]
              }
            ],
            "id": "projects/task-cf-370710/locations/us-central1/triggers/96aa522f-6d65-4cea-a704-459154538c5a",
            "ignored_files": null,
            "include_build_logs": "",
            "included_files": null,
            "location": "us-central1",
            "name": "github-cloud-trigger",
            "project": "task-cf-370710",
            "pubsub_config": [],
            "service_account": "",
            "source_to_build": [],
            "substitutions": null,
            "tags": null,
            "timeouts": null,
            "trigger_id": "96aa522f-6d65-4cea-a704-459154538c5a",
            "trigger_template": [],
            "webhook_config": []
          },
          "sensitive_attributes": [],
          "private": "eyJlMmJmYjczMC1lY2FhLTExZTYtOGY4OC0zNDM2M2JjN2M0YzAiOnsiY3JlYXRlIjoxMjAwMDAwMDAwMDAwLCJkZWxldGUiOjEyMDAwMDAwMDAwMDAsInVwZGF0ZSI6MTIwMDAwMDAwMDAwMH0sInNjaGVtYV92ZXJzaW9uIjoiMiJ9"
        }
      ]
    },
    {
      "mode": "managed",
      "type": "google_cloudfunctions_function",
      "name": "task-cf-function",
      "provider": "provider[\"registry.terraform.io/hashicorp/google\"]",
      "instances": []
    },
    {
      "mode": "managed",
      "type": "google_cloudfunctions_function_iam_member",
      "name": "invoker",
      "provider": "provider[\"registry.terraform.io/hashicorp/google\"]",
      "instances": []
    },
    {
      "mode": "managed",
      "type": "google_project_iam_member",
      "name": "cloud-build-project",
      "provider": "provider[\"registry.terraform.io/hashicorp/google\"]",
      "instances": [
        {
          "schema_version": 0,
          "attributes": {
            "condition": [],
            "etag": "BwXxcTjkJBQ=",
            "id": "task-cf-370710/roles/owner/serviceAccount:638763555119@cloudbuild.gserviceaccount.com",
            "member": "serviceAccount:638763555119@cloudbuild.gserviceaccount.com",
            "project": "task-cf-370710",
            "role": "roles/owner"
          },
          "sensitive_attributes": [],
          "private": "bnVsbA==",
          "dependencies": [
            "data.google_project.project"
          ]
        }
      ]
    },
    {
      "mode": "managed",
      "type": "google_project_iam_member",
      "name": "my-project",
      "provider": "provider[\"registry.terraform.io/hashicorp/google\"]",
      "instances": [
        {
          "schema_version": 0,
          "attributes": {
            "condition": [],
            "etag": "BwXxcTjkJBQ=",
            "id": "task-cf-370710/roles/owner/user:nazar.ivankevych@gmail.com",
            "member": "user:nazar.ivankevych@gmail.com",
            "project": "task-cf-370710",
            "role": "roles/owner"
          },
          "sensitive_attributes": [],
          "private": "bnVsbA=="
        }
      ]
    },
    {
      "mode": "managed",
      "type": "google_pubsub_subscription",
      "name": "cf-subtask-ps-subscription",
      "provider": "provider[\"registry.terraform.io/hashicorp/google\"]",
      "instances": [
        {
          "schema_version": 0,
          "attributes": {
            "ack_deadline_seconds": 10,
            "bigquery_config": [],
            "dead_letter_policy": [],
            "enable_exactly_once_delivery": false,
            "enable_message_ordering": false,
            "expiration_policy": [
              {
                "ttl": "2678400s"
              }
            ],
            "filter": "",
            "id": "projects/task-cf-370710/subscriptions/cf-pub_sub-subscription",
            "labels": null,
            "message_retention_duration": "604800s",
            "name": "cf-pub_sub-subscription",
            "project": "task-cf-370710",
            "push_config": [],
            "retain_acked_messages": false,
            "retry_policy": [],
            "timeouts": null,
            "topic": "projects/task-cf-370710/topics/cf-pub_sub-topic"
          },
          "sensitive_attributes": [],
          "private": "eyJlMmJmYjczMC1lY2FhLTExZTYtOGY4OC0zNDM2M2JjN2M0YzAiOnsiY3JlYXRlIjoxMjAwMDAwMDAwMDAwLCJkZWxldGUiOjEyMDAwMDAwMDAwMDAsInVwZGF0ZSI6MTIwMDAwMDAwMDAwMH19",
          "dependencies": [
            "google_pubsub_topic.cf-subtask-ps-topic"
          ]
        }
      ]
    },
    {
      "mode": "managed",
      "type": "google_pubsub_subscription_iam_member",
      "name": "sub-owner",
      "provider": "provider[\"registry.terraform.io/hashicorp/google\"]",
      "instances": [
        {
          "schema_version": 0,
          "attributes": {
            "condition": [],
            "etag": "BwXxcTlaZYA=",
            "id": "projects/task-cf-370710/subscriptions/cf-pub_sub-subscription/roles/owner/allUsers",
            "member": "allUsers",
            "project": null,
            "role": "roles/owner",
            "subscription": "cf-pub_sub-subscription"
          },
          "sensitive_attributes": [],
          "private": "bnVsbA==",
          "dependencies": [
            "google_pubsub_subscription.cf-subtask-ps-subscription",
            "google_pubsub_topic.cf-subtask-ps-topic"
          ]
        }
      ]
    },
    {
      "mode": "managed",
      "type": "google_pubsub_topic",
      "name": "cf-subtask-ps-topic",
      "provider": "provider[\"registry.terraform.io/hashicorp/google\"]",
      "instances": [
        {
          "schema_version": 0,
          "attributes": {
            "id": "projects/task-cf-370710/topics/cf-pub_sub-topic",
            "kms_key_name": "",
            "labels": null,
            "message_retention_duration": "",
            "message_storage_policy": [],
            "name": "cf-pub_sub-topic",
            "project": "task-cf-370710",
            "schema_settings": [],
            "timeouts": null
          },
          "sensitive_attributes": [],
          "private": "eyJlMmJmYjczMC1lY2FhLTExZTYtOGY4OC0zNDM2M2JjN2M0YzAiOnsiY3JlYXRlIjoxMjAwMDAwMDAwMDAwLCJkZWxldGUiOjEyMDAwMDAwMDAwMDAsInVwZGF0ZSI6MTIwMDAwMDAwMDAwMH19"
        }
      ]
    },
    {
      "mode": "managed",
      "type": "google_pubsub_topic_iam_member",
      "name": "member",
      "provider": "provider[\"registry.terraform.io/hashicorp/google\"]",
      "instances": [
        {
          "schema_version": 0,
          "attributes": {
            "condition": [],
            "etag": "BwXxcTj4sDs=",
            "id": "projects/task-cf-370710/topics/cf-pub_sub-topic/roles/owner/allUsers",
            "member": "allUsers",
            "project": "task-cf-370710",
            "role": "roles/owner",
            "topic": "projects/task-cf-370710/topics/cf-pub_sub-topic"
          },
          "sensitive_attributes": [],
          "private": "bnVsbA==",
          "dependencies": [
            "google_pubsub_topic.cf-subtask-ps-topic"
          ]
        }
      ]
    },
    {
      "mode": "managed",
      "type": "google_storage_bucket",
      "name": "task-cf-bucket",
      "provider": "provider[\"registry.terraform.io/hashicorp/google\"]",
      "instances": [
        {
          "schema_version": 0,
          "attributes": {
            "cors": [],
            "custom_placement_config": [],
            "default_event_based_hold": false,
            "encryption": [],
            "force_destroy": true,
            "id": "task-cf-370710-bucket",
            "labels": null,
            "lifecycle_rule": [],
            "location": "US-CENTRAL1",
            "logging": [],
            "name": "task-cf-370710-bucket",
            "project": "task-cf-370710",
            "public_access_prevention": "inherited",
            "requester_pays": false,
            "retention_policy": [],
            "self_link": "https://www.googleapis.com/storage/v1/b/task-cf-370710-bucket",
            "storage_class": "STANDARD",
            "timeouts": null,
            "uniform_bucket_level_access": false,
            "url": "gs://task-cf-370710-bucket",
            "versioning": [],
            "website": []
          },
          "sensitive_attributes": [],
          "private": "eyJlMmJmYjczMC1lY2FhLTExZTYtOGY4OC0zNDM2M2JjN2M0YzAiOnsiY3JlYXRlIjoyNDAwMDAwMDAwMDAsInJlYWQiOjI0MDAwMDAwMDAwMCwidXBkYXRlIjoyNDAwMDAwMDAwMDB9fQ=="
        }
      ]
    },
    {
      "mode": "managed",
      "type": "google_storage_bucket_object",
      "name": "cf-tasks",
      "provider": "provider[\"registry.terraform.io/hashicorp/google\"]",
      "instances": [
        {
          "schema_version": 0,
          "attributes": {
            "bucket": "task-cf-370710-bucket",
            "cache_control": "",
            "content": null,
            "content_disposition": "",
            "content_encoding": "",
            "content_language": "",
            "content_type": "application/zip",
            "crc32c": "Q2wwoQ==",
            "customer_encryption": [],
            "detect_md5hash": "jFow/mDfYl0/7NpM31jxzg==",
            "event_based_hold": false,
            "id": "task-cf-370710-bucket-src-8c5a30fe60df625d3fecda4cdf58f1ce.cf-tasks",
            "kms_key_name": "",
            "md5hash": "jFow/mDfYl0/7NpM31jxzg==",
            "media_link": "https://storage.googleapis.com/download/storage/v1/b/task-cf-370710-bucket/o/src-8c5a30fe60df625d3fecda4cdf58f1ce.cf-tasks?generation=1672843468827926\u0026alt=media",
            "metadata": null,
            "name": "src-8c5a30fe60df625d3fecda4cdf58f1ce.cf-tasks",
            "output_name": "src-8c5a30fe60df625d3fecda4cdf58f1ce.cf-tasks",
            "self_link": "https://www.googleapis.com/storage/v1/b/task-cf-370710-bucket/o/src-8c5a30fe60df625d3fecda4cdf58f1ce.cf-tasks",
            "source": "/tmp/function.zip",
            "storage_class": "STANDARD",
            "temporary_hold": false,
            "timeouts": null
          },
          "sensitive_attributes": [],
          "private": "eyJlMmJmYjczMC1lY2FhLTExZTYtOGY4OC0zNDM2M2JjN2M0YzAiOnsiY3JlYXRlIjoyNDAwMDAwMDAwMDAsImRlbGV0ZSI6MjQwMDAwMDAwMDAwLCJ1cGRhdGUiOjI0MDAwMDAwMDAwMH19",
          "dependencies": [
            "data.archive_file.task-cf",
            "google_storage_bucket.task-cf-bucket"
          ]
        }
      ]
    }
  ],
  "check_results": null
}
