{
  "version": 4,
  "terraform_version": "1.3.6",
  "serial": 18,
  "lineage": "d4648f30-bb62-cf7f-7f4a-b8ff1e9eab76",
  "outputs": {},
  "resources": [
    {
      "mode": "managed",
      "type": "google_cloudfunctions_function",
      "name": "func_cf_tf",
      "provider": "provider[\"registry.terraform.io/hashicorp/google\"]",
      "instances": [
        {
          "status": "tainted",
          "schema_version": 0,
          "attributes": {
            "available_memory_mb": 128,
            "build_environment_variables": null,
            "build_worker_pool": null,
            "description": null,
            "docker_registry": null,
            "docker_repository": null,
            "entry_point": "main",
            "environment_variables": null,
            "event_trigger": null,
            "https_trigger_security_level": null,
            "https_trigger_url": null,
            "id": "projects/task-cf-370710/locations/us-central1/functions/func_cf_tf",
            "ingress_settings": "ALLOW_ALL",
            "kms_key_name": null,
            "labels": null,
            "max_instances": 0,
            "min_instances": null,
            "name": "func_cf_tf",
            "project": null,
            "region": null,
            "runtime": "python38",
            "secret_environment_variables": [],
            "secret_volumes": [],
            "service_account_email": null,
            "source_archive_bucket": "func_cf_tf",
            "source_archive_object": "function",
            "source_repository": [],
            "timeout": 60,
            "timeouts": null,
            "trigger_http": true,
            "vpc_connector": null,
            "vpc_connector_egress_settings": null
          },
          "sensitive_attributes": [],
          "private": "eyJlMmJmYjczMC1lY2FhLTExZTYtOGY4OC0zNDM2M2JjN2M0YzAiOnsiY3JlYXRlIjozMDAwMDAwMDAwMDAsImRlbGV0ZSI6MzAwMDAwMDAwMDAwLCJyZWFkIjozMDAwMDAwMDAwMDAsInVwZGF0ZSI6MzAwMDAwMDAwMDAwfX0=",
          "dependencies": [
            "google_storage_bucket.func_cf",
            "google_storage_bucket_object.srccode"
          ]
        }
      ]
    },
    {
      "mode": "managed",
      "type": "google_storage_bucket",
      "name": "func_cf",
      "provider": "provider[\"registry.terraform.io/hashicorp/google\"]",
      "instances": [
        {
          "schema_version": 0,
          "attributes": {
            "cors": [],
            "custom_placement_config": [],
            "default_event_based_hold": false,
            "encryption": [],
            "force_destroy": false,
            "id": "func_cf_tf",
            "labels": {},
            "lifecycle_rule": [],
            "location": "US",
            "logging": [],
            "name": "func_cf_tf",
            "project": "task-cf-370710",
            "public_access_prevention": "inherited",
            "requester_pays": false,
            "retention_policy": [],
            "self_link": "https://www.googleapis.com/storage/v1/b/func_cf_tf",
            "storage_class": "STANDARD",
            "timeouts": null,
            "uniform_bucket_level_access": false,
            "url": "gs://func_cf_tf",
            "versioning": [],
            "website": []
          },
          "sensitive_attributes": [],
          "private": "eyJlMmJmYjczMC1lY2FhLTExZTYtOGY4OC0zNDM2M2JjN2M0YzAiOnsiY3JlYXRlIjoyNDAwMDAwMDAwMDAsInJlYWQiOjI0MDAwMDAwMDAwMCwidXBkYXRlIjoyNDAwMDAwMDAwMDB9fQ=="
        }
      ]
    },
    {
      "mode": "managed",
      "type": "google_storage_bucket_object",
      "name": "srccode",
      "provider": "provider[\"registry.terraform.io/hashicorp/google\"]",
      "instances": [
        {
          "schema_version": 0,
          "attributes": {
            "bucket": "func_cf_tf",
            "cache_control": "",
            "content": null,
            "content_disposition": "",
            "content_encoding": "",
            "content_language": "",
            "content_type": "application/zip",
            "crc32c": "Wmj/Tw==",
            "customer_encryption": [],
            "detect_md5hash": "eYyu2Wg+CFE3mLkCD/mZ/A==",
            "event_based_hold": false,
            "id": "func_cf_tf-function",
            "kms_key_name": "",
            "md5hash": "eYyu2Wg+CFE3mLkCD/mZ/A==",
            "media_link": "https://storage.googleapis.com/download/storage/v1/b/func_cf_tf/o/function?generation=1670353090967923\u0026alt=media",
            "metadata": {},
            "name": "function",
            "output_name": "function",
            "self_link": "https://www.googleapis.com/storage/v1/b/func_cf_tf/o/function",
            "source": "function/function.zip",
            "storage_class": "STANDARD",
            "temporary_hold": false,
            "timeouts": null
          },
          "sensitive_attributes": [],
          "private": "eyJlMmJmYjczMC1lY2FhLTExZTYtOGY4OC0zNDM2M2JjN2M0YzAiOnsiY3JlYXRlIjoyNDAwMDAwMDAwMDAsImRlbGV0ZSI6MjQwMDAwMDAwMDAwLCJ1cGRhdGUiOjI0MDAwMDAwMDAwMH19",
          "dependencies": [
            "google_storage_bucket.func_cf"
          ]
        }
      ]
    }
  ],
  "check_results": null
}
