{
  "version": 4,
  "terraform_version": "1.3.6",
  "serial": 23,
  "lineage": "7545064d-6116-2496-6dec-6c87223aaea8",
  "outputs": {},
  "resources": [
    {
      "mode": "data",
      "type": "archive_file",
      "name": "source",
      "provider": "provider[\"registry.terraform.io/hashicorp/archive\"]",
      "instances": [
        {
          "schema_version": 0,
          "attributes": {
            "excludes": null,
            "id": "8f31f2c83611804e65e0b56da4fe63cc5c647442",
            "output_base64sha256": "rmOCL4OCMWZVLUqU4AvZpdrkIYm6BLcZILPuyT7Pwuo=",
            "output_file_mode": null,
            "output_md5": "47ac797e6a03434fd4c9d6ee11d02ec2",
            "output_path": "/tmp/function.zip",
            "output_sha": "8f31f2c83611804e65e0b56da4fe63cc5c647442",
            "output_size": 1440,
            "source": [],
            "source_content": null,
            "source_content_filename": null,
            "source_dir": "../function",
            "source_file": null,
            "type": "zip"
          },
          "sensitive_attributes": []
        }
      ]
    },
    {
      "mode": "managed",
      "type": "google_storage_bucket",
      "name": "task-cf-bucket",
      "provider": "provider[\"registry.terraform.io/hashicorp/google\"]",
      "instances": [
        {
          "schema_version": 0,
          "attributes": {
            "cors": [],
            "custom_placement_config": [],
            "default_event_based_hold": false,
            "encryption": [],
            "force_destroy": true,
            "id": "task-cf-370710-bucket",
            "labels": {},
            "lifecycle_rule": [],
            "location": "US-CENTRAL1",
            "logging": [],
            "name": "task-cf-370710-bucket",
            "project": "task-cf-370710",
            "public_access_prevention": "inherited",
            "requester_pays": false,
            "retention_policy": [],
            "self_link": "https://www.googleapis.com/storage/v1/b/task-cf-370710-bucket",
            "storage_class": "STANDARD",
            "timeouts": null,
            "uniform_bucket_level_access": false,
            "url": "gs://task-cf-370710-bucket",
            "versioning": [],
            "website": []
          },
          "sensitive_attributes": [],
          "private": "eyJlMmJmYjczMC1lY2FhLTExZTYtOGY4OC0zNDM2M2JjN2M0YzAiOnsiY3JlYXRlIjoyNDAwMDAwMDAwMDAsInJlYWQiOjI0MDAwMDAwMDAwMCwidXBkYXRlIjoyNDAwMDAwMDAwMDB9fQ=="
        }
      ]
    },
    {
      "mode": "managed",
      "type": "google_storage_bucket_object",
      "name": "zip",
      "provider": "provider[\"registry.terraform.io/hashicorp/google\"]",
      "instances": [
        {
          "schema_version": 0,
          "attributes": {
            "bucket": "task-cf-370710-bucket",
            "cache_control": "",
            "content": null,
            "content_disposition": "",
            "content_encoding": "",
            "content_language": "",
            "content_type": "application/zip",
            "crc32c": "jDUGkw==",
            "customer_encryption": [],
            "detect_md5hash": "R6x5fmoDQ0/UydbuEdAuwg==",
            "event_based_hold": false,
            "id": "task-cf-370710-bucket-src-47ac797e6a03434fd4c9d6ee11d02ec2.zip",
            "kms_key_name": "",
            "md5hash": "R6x5fmoDQ0/UydbuEdAuwg==",
            "media_link": "https://storage.googleapis.com/download/storage/v1/b/task-cf-370710-bucket/o/src-47ac797e6a03434fd4c9d6ee11d02ec2.zip?generation=1671548077892453\u0026alt=media",
            "metadata": null,
            "name": "src-47ac797e6a03434fd4c9d6ee11d02ec2.zip",
            "output_name": "src-47ac797e6a03434fd4c9d6ee11d02ec2.zip",
            "self_link": "https://www.googleapis.com/storage/v1/b/task-cf-370710-bucket/o/src-47ac797e6a03434fd4c9d6ee11d02ec2.zip",
            "source": "/tmp/function.zip",
            "storage_class": "STANDARD",
            "temporary_hold": false,
            "timeouts": null
          },
          "sensitive_attributes": [],
          "private": "eyJlMmJmYjczMC1lY2FhLTExZTYtOGY4OC0zNDM2M2JjN2M0YzAiOnsiY3JlYXRlIjoyNDAwMDAwMDAwMDAsImRlbGV0ZSI6MjQwMDAwMDAwMDAwLCJ1cGRhdGUiOjI0MDAwMDAwMDAwMH19",
          "dependencies": [
            "data.archive_file.source",
            "google_storage_bucket.task-cf-bucket"
          ]
        }
      ]
    }
  ],
  "check_results": null
}
